// !$*UTF8*$!
{
	archiveVersion = 1;
	classes = {
	};
	objectVersion = 48;
	objects = {

/* Begin PBXBuildFile section */
		9D4EF5462019ABD5006B0120 /* AppDelegate.swift in Sources */ = {isa = PBXBuildFile; fileRef = 9D4EF5452019ABD5006B0120 /* AppDelegate.swift */; };
		9D4EF5482019ABD5006B0120 /* ViewController.swift in Sources */ = {isa = PBXBuildFile; fileRef = 9D4EF5472019ABD5006B0120 /* ViewController.swift */; };
		9D4EF54B2019ABD5006B0120 /* Main.storyboard in Resources */ = {isa = PBXBuildFile; fileRef = 9D4EF5492019ABD5006B0120 /* Main.storyboard */; };
		9D4EF54D2019ABD5006B0120 /* Assets.xcassets in Resources */ = {isa = PBXBuildFile; fileRef = 9D4EF54C2019ABD5006B0120 /* Assets.xcassets */; };
		9D4EF5502019ABD5006B0120 /* LaunchScreen.storyboard in Resources */ = {isa = PBXBuildFile; fileRef = 9D4EF54E2019ABD5006B0120 /* LaunchScreen.storyboard */; };
		9D4EF55B2019ABD5006B0120 /* WenDaoGeomancyTests.swift in Sources */ = {isa = PBXBuildFile; fileRef = 9D4EF55A2019ABD5006B0120 /* WenDaoGeomancyTests.swift */; };
		9D4EF5662019ABD5006B0120 /* WenDaoGeomancyUITests.swift in Sources */ = {isa = PBXBuildFile; fileRef = 9D4EF5652019ABD5006B0120 /* WenDaoGeomancyUITests.swift */; };
		9D4EF57D2019B4FC006B0120 /* ShuoDaoViewController.swift in Sources */ = {isa = PBXBuildFile; fileRef = 9D4EF57B2019B4FC006B0120 /* ShuoDaoViewController.swift */; };
		9D4EF57E2019B4FC006B0120 /* ShuoDaoViewController.xib in Resources */ = {isa = PBXBuildFile; fileRef = 9D4EF57C2019B4FC006B0120 /* ShuoDaoViewController.xib */; };
		9D4EF5822019B58B006B0120 /* MessageViewController.swift in Sources */ = {isa = PBXBuildFile; fileRef = 9D4EF5802019B58B006B0120 /* MessageViewController.swift */; };
		9D4EF5832019B58B006B0120 /* MessageViewController.xib in Resources */ = {isa = PBXBuildFile; fileRef = 9D4EF5812019B58B006B0120 /* MessageViewController.xib */; };
		9D4EF5872019B59D006B0120 /* MyViewController.swift in Sources */ = {isa = PBXBuildFile; fileRef = 9D4EF5852019B59D006B0120 /* MyViewController.swift */; };
		9D4EF5882019B59D006B0120 /* MyViewController.xib in Resources */ = {isa = PBXBuildFile; fileRef = 9D4EF5862019B59D006B0120 /* MyViewController.xib */; };
		9D4EF58B2019B5D4006B0120 /* HomeViewController.swift in Sources */ = {isa = PBXBuildFile; fileRef = 9D4EF5892019B5D4006B0120 /* HomeViewController.swift */; };
		9D4EF58C2019B5D4006B0120 /* HomeViewController.xib in Resources */ = {isa = PBXBuildFile; fileRef = 9D4EF58A2019B5D4006B0120 /* HomeViewController.xib */; };
		9D4EF58F2019BAF8006B0120 /* DetailsLectureViewController.swift in Sources */ = {isa = PBXBuildFile; fileRef = 9D4EF58D2019BAF8006B0120 /* DetailsLectureViewController.swift */; };
		9D4EF5902019BAF8006B0120 /* DetailsLectureViewController.xib in Resources */ = {isa = PBXBuildFile; fileRef = 9D4EF58E2019BAF8006B0120 /* DetailsLectureViewController.xib */; };
/* End PBXBuildFile section */

/* Begin PBXContainerItemProxy section */
		9D4EF5572019ABD5006B0120 /* PBXContainerItemProxy */ = {
			isa = PBXContainerItemProxy;
			containerPortal = 9D4EF53A2019ABD5006B0120 /* Project object */;
			proxyType = 1;
			remoteGlobalIDString = 9D4EF5412019ABD5006B0120;
			remoteInfo = WenDaoGeomancy;
		};
		9D4EF5622019ABD5006B0120 /* PBXContainerItemProxy */ = {
			isa = PBXContainerItemProxy;
			containerPortal = 9D4EF53A2019ABD5006B0120 /* Project object */;
			proxyType = 1;
			remoteGlobalIDString = 9D4EF5412019ABD5006B0120;
			remoteInfo = WenDaoGeomancy;
		};
/* End PBXContainerItemProxy section */

/* Begin PBXFileReference section */
		9D4EF5422019ABD5006B0120 /* WenDaoGeomancy.app */ = {isa = PBXFileReference; explicitFileType = wrapper.application; includeInIndex = 0; path = WenDaoGeomancy.app; sourceTree = BUILT_PRODUCTS_DIR; };
		9D4EF5452019ABD5006B0120 /* AppDelegate.swift */ = {isa = PBXFileReference; lastKnownFileType = sourcecode.swift; path = AppDelegate.swift; sourceTree = "<group>"; };
		9D4EF5472019ABD5006B0120 /* ViewController.swift */ = {isa = PBXFileReference; lastKnownFileType = sourcecode.swift; path = ViewController.swift; sourceTree = "<group>"; };
		9D4EF54A2019ABD5006B0120 /* Base */ = {isa = PBXFileReference; lastKnownFileType = file.storyboard; name = Base; path = Base.lproj/Main.storyboard; sourceTree = "<group>"; };
		9D4EF54C2019ABD5006B0120 /* Assets.xcassets */ = {isa = PBXFileReference; lastKnownFileType = folder.assetcatalog; path = Assets.xcassets; sourceTree = "<group>"; };
		9D4EF54F2019ABD5006B0120 /* Base */ = {isa = PBXFileReference; lastKnownFileType = file.storyboard; name = Base; path = Base.lproj/LaunchScreen.storyboard; sourceTree = "<group>"; };
		9D4EF5512019ABD5006B0120 /* Info.plist */ = {isa = PBXFileReference; lastKnownFileType = text.plist.xml; path = Info.plist; sourceTree = "<group>"; };
		9D4EF5562019ABD5006B0120 /* WenDaoGeomancyTests.xctest */ = {isa = PBXFileReference; explicitFileType = wrapper.cfbundle; includeInIndex = 0; path = WenDaoGeomancyTests.xctest; sourceTree = BUILT_PRODUCTS_DIR; };
		9D4EF55A2019ABD5006B0120 /* WenDaoGeomancyTests.swift */ = {isa = PBXFileReference; lastKnownFileType = sourcecode.swift; path = WenDaoGeomancyTests.swift; sourceTree = "<group>"; };
		9D4EF55C2019ABD5006B0120 /* Info.plist */ = {isa = PBXFileReference; lastKnownFileType = text.plist.xml; path = Info.plist; sourceTree = "<group>"; };
		9D4EF5612019ABD5006B0120 /* WenDaoGeomancyUITests.xctest */ = {isa = PBXFileReference; explicitFileType = wrapper.cfbundle; includeInIndex = 0; path = WenDaoGeomancyUITests.xctest; sourceTree = BUILT_PRODUCTS_DIR; };
		9D4EF5652019ABD5006B0120 /* WenDaoGeomancyUITests.swift */ = {isa = PBXFileReference; lastKnownFileType = sourcecode.swift; path = WenDaoGeomancyUITests.swift; sourceTree = "<group>"; };
		9D4EF5672019ABD5006B0120 /* Info.plist */ = {isa = PBXFileReference; lastKnownFileType = text.plist.xml; path = Info.plist; sourceTree = "<group>"; };
		9D4EF57B2019B4FC006B0120 /* ShuoDaoViewController.swift */ = {isa = PBXFileReference; lastKnownFileType = sourcecode.swift; path = ShuoDaoViewController.swift; sourceTree = "<group>"; };
		9D4EF57C2019B4FC006B0120 /* ShuoDaoViewController.xib */ = {isa = PBXFileReference; lastKnownFileType = file.xib; path = ShuoDaoViewController.xib; sourceTree = "<group>"; };
		9D4EF5802019B58B006B0120 /* MessageViewController.swift */ = {isa = PBXFileReference; lastKnownFileType = sourcecode.swift; path = MessageViewController.swift; sourceTree = "<group>"; };
		9D4EF5812019B58B006B0120 /* MessageViewController.xib */ = {isa = PBXFileReference; lastKnownFileType = file.xib; path = MessageViewController.xib; sourceTree = "<group>"; };
		9D4EF5852019B59D006B0120 /* MyViewController.swift */ = {isa = PBXFileReference; lastKnownFileType = sourcecode.swift; path = MyViewController.swift; sourceTree = "<group>"; };
		9D4EF5862019B59D006B0120 /* MyViewController.xib */ = {isa = PBXFileReference; lastKnownFileType = file.xib; path = MyViewController.xib; sourceTree = "<group>"; };
		9D4EF5892019B5D4006B0120 /* HomeViewController.swift */ = {isa = PBXFileReference; lastKnownFileType = sourcecode.swift; path = HomeViewController.swift; sourceTree = "<group>"; };
		9D4EF58A2019B5D4006B0120 /* HomeViewController.xib */ = {isa = PBXFileReference; lastKnownFileType = file.xib; path = HomeViewController.xib; sourceTree = "<group>"; };
		9D4EF58D2019BAF8006B0120 /* DetailsLectureViewController.swift */ = {isa = PBXFileReference; lastKnownFileType = sourcecode.swift; path = DetailsLectureViewController.swift; sourceTree = "<group>"; };
		9D4EF58E2019BAF8006B0120 /* DetailsLectureViewController.xib */ = {isa = PBXFileReference; lastKnownFileType = file.xib; path = DetailsLectureViewController.xib; sourceTree = "<group>"; };
/* End PBXFileReference section */

/* Begin PBXFrameworksBuildPhase section */
		9D4EF53F2019ABD5006B0120 /* Frameworks */ = {
			isa = PBXFrameworksBuildPhase;
			buildActionMask = 2147483647;
			files = (
			);
			runOnlyForDeploymentPostprocessing = 0;
		};
		9D4EF5532019ABD5006B0120 /* Frameworks */ = {
			isa = PBXFrameworksBuildPhase;
			buildActionMask = 2147483647;
			files = (
			);
			runOnlyForDeploymentPostprocessing = 0;
		};
		9D4EF55E2019ABD5006B0120 /* Frameworks */ = {
			isa = PBXFrameworksBuildPhase;
			buildActionMask = 2147483647;
			files = (
			);
			runOnlyForDeploymentPostprocessing = 0;
		};
/* End PBXFrameworksBuildPhase section */

/* Begin PBXGroup section */
		9D4EF5392019ABD5006B0120 = {
			isa = PBXGroup;
			children = (
				9D4EF5442019ABD5006B0120 /* WenDaoGeomancy */,
				9D4EF5592019ABD5006B0120 /* WenDaoGeomancyTests */,
				9D4EF5642019ABD5006B0120 /* WenDaoGeomancyUITests */,
				9D4EF5432019ABD5006B0120 /* Products */,
			);
			sourceTree = "<group>";
		};
		9D4EF5432019ABD5006B0120 /* Products */ = {
			isa = PBXGroup;
			children = (
				9D4EF5422019ABD5006B0120 /* WenDaoGeomancy.app */,
				9D4EF5562019ABD5006B0120 /* WenDaoGeomancyTests.xctest */,
				9D4EF5612019ABD5006B0120 /* WenDaoGeomancyUITests.xctest */,
			);
			name = Products;
			sourceTree = "<group>";
		};
		9D4EF5442019ABD5006B0120 /* WenDaoGeomancy */ = {
			isa = PBXGroup;
			children = (
				9D4EF5452019ABD5006B0120 /* AppDelegate.swift */,
				9D4EF5472019ABD5006B0120 /* ViewController.swift */,
				9D4EF5842019B58F006B0120 /* 我的 */,
				9D4EF57F2019B578006B0120 /* 消息 */,
				9D4EF57A2019B4DD006B0120 /* 说道 */,
				9D4EF5732019B22F006B0120 /* 首页 */,
				9D4EF5492019ABD5006B0120 /* Main.storyboard */,
				9D4EF54C2019ABD5006B0120 /* Assets.xcassets */,
				9D4EF54E2019ABD5006B0120 /* LaunchScreen.storyboard */,
				9D4EF5512019ABD5006B0120 /* Info.plist */,
			);
			path = WenDaoGeomancy;
			sourceTree = "<group>";
		};
		9D4EF5592019ABD5006B0120 /* WenDaoGeomancyTests */ = {
			isa = PBXGroup;
			children = (
				9D4EF55A2019ABD5006B0120 /* WenDaoGeomancyTests.swift */,
				9D4EF55C2019ABD5006B0120 /* Info.plist */,
			);
			path = WenDaoGeomancyTests;
			sourceTree = "<group>";
		};
		9D4EF5642019ABD5006B0120 /* WenDaoGeomancyUITests */ = {
			isa = PBXGroup;
			children = (
				9D4EF5652019ABD5006B0120 /* WenDaoGeomancyUITests.swift */,
				9D4EF5672019ABD5006B0120 /* Info.plist */,
			);
			path = WenDaoGeomancyUITests;
			sourceTree = "<group>";
		};
		9D4EF5732019B22F006B0120 /* 首页 */ = {
			isa = PBXGroup;
			children = (
				9D4EF5892019B5D4006B0120 /* HomeViewController.swift */,
				9D4EF58A2019B5D4006B0120 /* HomeViewController.xib */,
				9D4EF58D2019BAF8006B0120 /* DetailsLectureViewController.swift */,
				9D4EF58E2019BAF8006B0120 /* DetailsLectureViewController.xib */,
			);
			path = "首页";
			sourceTree = "<group>";
		};
		9D4EF57A2019B4DD006B0120 /* 说道 */ = {
			isa = PBXGroup;
			children = (
				9D4EF57B2019B4FC006B0120 /* ShuoDaoViewController.swift */,
				9D4EF57C2019B4FC006B0120 /* ShuoDaoViewController.xib */,
			);
			path = "说道";
			sourceTree = "<group>";
		};
		9D4EF57F2019B578006B0120 /* 消息 */ = {
			isa = PBXGroup;
			children = (
				9D4EF5802019B58B006B0120 /* MessageViewController.swift */,
				9D4EF5812019B58B006B0120 /* MessageViewController.xib */,
			);
			path = "消息";
			sourceTree = "<group>";
		};
		9D4EF5842019B58F006B0120 /* 我的 */ = {
			isa = PBXGroup;
			children = (
				9D4EF5852019B59D006B0120 /* MyViewController.swift */,
				9D4EF5862019B59D006B0120 /* MyViewController.xib */,
			);
			path = "我的";
			sourceTree = "<group>";
		};
/* End PBXGroup section */

/* Begin PBXNativeTarget section */
		9D4EF5412019ABD5006B0120 /* WenDaoGeomancy */ = {
			isa = PBXNativeTarget;
			buildConfigurationList = 9D4EF56A2019ABD6006B0120 /* Build configuration list for PBXNativeTarget "WenDaoGeomancy" */;
			buildPhases = (
				9D4EF53E2019ABD5006B0120 /* Sources */,
				9D4EF53F2019ABD5006B0120 /* Frameworks */,
				9D4EF5402019ABD5006B0120 /* Resources */,
			);
			buildRules = (
			);
			dependencies = (
			);
			name = WenDaoGeomancy;
			productName = WenDaoGeomancy;
			productReference = 9D4EF5422019ABD5006B0120 /* WenDaoGeomancy.app */;
			productType = "com.apple.product-type.application";
		};
		9D4EF5552019ABD5006B0120 /* WenDaoGeomancyTests */ = {
			isa = PBXNativeTarget;
			buildConfigurationList = 9D4EF56D2019ABD6006B0120 /* Build configuration list for PBXNativeTarget "WenDaoGeomancyTests" */;
			buildPhases = (
				9D4EF5522019ABD5006B0120 /* Sources */,
				9D4EF5532019ABD5006B0120 /* Frameworks */,
				9D4EF5542019ABD5006B0120 /* Resources */,
			);
			buildRules = (
			);
			dependencies = (
				9D4EF5582019ABD5006B0120 /* PBXTargetDependency */,
			);
			name = WenDaoGeomancyTests;
			productName = WenDaoGeomancyTests;
			productReference = 9D4EF5562019ABD5006B0120 /* WenDaoGeomancyTests.xctest */;
			productType = "com.apple.product-type.bundle.unit-test";
		};
		9D4EF5602019ABD5006B0120 /* WenDaoGeomancyUITests */ = {
			isa = PBXNativeTarget;
			buildConfigurationList = 9D4EF5702019ABD6006B0120 /* Build configuration list for PBXNativeTarget "WenDaoGeomancyUITests" */;
			buildPhases = (
				9D4EF55D2019ABD5006B0120 /* Sources */,
				9D4EF55E2019ABD5006B0120 /* Frameworks */,
				9D4EF55F2019ABD5006B0120 /* Resources */,
			);
			buildRules = (
			);
			dependencies = (
				9D4EF5632019ABD5006B0120 /* PBXTargetDependency */,
			);
			name = WenDaoGeomancyUITests;
			productName = WenDaoGeomancyUITests;
			productReference = 9D4EF5612019ABD5006B0120 /* WenDaoGeomancyUITests.xctest */;
			productType = "com.apple.product-type.bundle.ui-testing";
		};
/* End PBXNativeTarget section */

/* Begin PBXProject section */
		9D4EF53A2019ABD5006B0120 /* Project object */ = {
			isa = PBXProject;
			attributes = {
				LastSwiftUpdateCheck = 0920;
				LastUpgradeCheck = 0920;
				ORGANIZATIONNAME = handsomeBoy;
				TargetAttributes = {
					9D4EF5412019ABD5006B0120 = {
						CreatedOnToolsVersion = 9.2;
						ProvisioningStyle = Manual;
					};
					9D4EF5552019ABD5006B0120 = {
						CreatedOnToolsVersion = 9.2;
						ProvisioningStyle = Automatic;
						TestTargetID = 9D4EF5412019ABD5006B0120;
					};
					9D4EF5602019ABD5006B0120 = {
						CreatedOnToolsVersion = 9.2;
						ProvisioningStyle = Automatic;
						TestTargetID = 9D4EF5412019ABD5006B0120;
					};
				};
			};
			buildConfigurationList = 9D4EF53D2019ABD5006B0120 /* Build configuration list for PBXProject "WenDaoGeomancy" */;
			compatibilityVersion = "Xcode 8.0";
			developmentRegion = en;
			hasScannedForEncodings = 0;
			knownRegions = (
				en,
				Base,
			);
			mainGroup = 9D4EF5392019ABD5006B0120;
			productRefGroup = 9D4EF5432019ABD5006B0120 /* Products */;
			projectDirPath = "";
			projectRoot = "";
			targets = (
				9D4EF5412019ABD5006B0120 /* WenDaoGeomancy */,
				9D4EF5552019ABD5006B0120 /* WenDaoGeomancyTests */,
				9D4EF5602019ABD5006B0120 /* WenDaoGeomancyUITests */,
			);
		};
/* End PBXProject section */

/* Begin PBXResourcesBuildPhase section */
		9D4EF5402019ABD5006B0120 /* Resources */ = {
			isa = PBXResourcesBuildPhase;
			buildActionMask = 2147483647;
			files = (
				9D4EF57E2019B4FC006B0120 /* ShuoDaoViewController.xib in Resources */,
				9D4EF5832019B58B006B0120 /* MessageViewController.xib in Resources */,
				9D4EF5882019B59D006B0120 /* MyViewController.xib in Resources */,
				9D4EF5502019ABD5006B0120 /* LaunchScreen.storyboard in Resources */,
				9D4EF5902019BAF8006B0120 /* DetailsLectureViewController.xib in Resources */,
				9D4EF54D2019ABD5006B0120 /* Assets.xcassets in Resources */,
				9D4EF58C2019B5D4006B0120 /* HomeViewController.xib in Resources */,
				9D4EF54B2019ABD5006B0120 /* Main.storyboard in Resources */,
			);
			runOnlyForDeploymentPostprocessing = 0;
		};
		9D4EF5542019ABD5006B0120 /* Resources */ = {
			isa = PBXResourcesBuildPhase;
			buildActionMask = 2147483647;
			files = (
			);
			runOnlyForDeploymentPostprocessing = 0;
		};
		9D4EF55F2019ABD5006B0120 /* Resources */ = {
			isa = PBXResourcesBuildPhase;
			buildActionMask = 2147483647;
			files = (
			);
			runOnlyForDeploymentPostprocessing = 0;
		};
/* End PBXResourcesBuildPhase section */

/* Begin PBXSourcesBuildPhase section */
		9D4EF53E2019ABD5006B0120 /* Sources */ = {
			isa = PBXSourcesBuildPhase;
			buildActionMask = 2147483647;
			files = (
				9D4EF57D2019B4FC006B0120 /* ShuoDaoViewController.swift in Sources */,
				9D4EF58F2019BAF8006B0120 /* DetailsLectureViewController.swift in Sources */,
				9D4EF5482019ABD5006B0120 /* ViewController.swift in Sources */,
				9D4EF5462019ABD5006B0120 /* AppDelegate.swift in Sources */,
				9D4EF5872019B59D006B0120 /* MyViewController.swift in Sources */,
				9D4EF5822019B58B006B0120 /* MessageViewController.swift in Sources */,
				9D4EF58B2019B5D4006B0120 /* HomeViewController.swift in Sources */,
			);
			runOnlyForDeploymentPostprocessing = 0;
		};
		9D4EF5522019ABD5006B0120 /* Sources */ = {
			isa = PBXSourcesBuildPhase;
			buildActionMask = 2147483647;
			files = (
				9D4EF55B2019ABD5006B0120 /* WenDaoGeomancyTests.swift in Sources */,
			);
			runOnlyForDeploymentPostprocessing = 0;
		};
		9D4EF55D2019ABD5006B0120 /* Sources */ = {
			isa = PBXSourcesBuildPhase;
			buildActionMask = 2147483647;
			files = (
				9D4EF5662019ABD5006B0120 /* WenDaoGeomancyUITests.swift in Sources */,
			);
			runOnlyForDeploymentPostprocessing = 0;
		};
/* End PBXSourcesBuildPhase section */

/* Begin PBXTargetDependency section */
		9D4EF5582019ABD5006B0120 /* PBXTargetDependency */ = {
			isa = PBXTargetDependency;
			target = 9D4EF5412019ABD5006B0120 /* WenDaoGeomancy */;
			targetProxy = 9D4EF5572019ABD5006B0120 /* PBXContainerItemProxy */;
		};
		9D4EF5632019ABD5006B0120 /* PBXTargetDependency */ = {
			isa = PBXTargetDependency;
			target = 9D4EF5412019ABD5006B0120 /* WenDaoGeomancy */;
			targetProxy = 9D4EF5622019ABD5006B0120 /* PBXContainerItemProxy */;
		};
/* End PBXTargetDependency section */

/* Begin PBXVariantGroup section */
		9D4EF5492019ABD5006B0120 /* Main.storyboard */ = {
			isa = PBXVariantGroup;
			children = (
				9D4EF54A2019ABD5006B0120 /* Base */,
			);
			name = Main.storyboard;
			sourceTree = "<group>";
		};
		9D4EF54E2019ABD5006B0120 /* LaunchScreen.storyboard */ = {
			isa = PBXVariantGroup;
			children = (
				9D4EF54F2019ABD5006B0120 /* Base */,
			);
			name = LaunchScreen.storyboard;
			sourceTree = "<group>";
		};
/* End PBXVariantGroup section */

/* Begin XCBuildConfiguration section */
		9D4EF5682019ABD6006B0120 /* Debug */ = {
			isa = XCBuildConfiguration;
			buildSettings = {
				ALWAYS_SEARCH_USER_PATHS = NO;
				CLANG_ANALYZER_NONNULL = YES;
				CLANG_ANALYZER_NUMBER_OBJECT_CONVERSION = YES_AGGRESSIVE;
				CLANG_CXX_LANGUAGE_STANDARD = "gnu++14";
				CLANG_CXX_LIBRARY = "libc++";
				CLANG_ENABLE_MODULES = YES;
				CLANG_ENABLE_OBJC_ARC = YES;
				CLANG_WARN_BLOCK_CAPTURE_AUTORELEASING = YES;
				CLANG_WARN_BOOL_CONVERSION = YES;
				CLANG_WARN_COMMA = YES;
				CLANG_WARN_CONSTANT_CONVERSION = YES;
				CLANG_WARN_DIRECT_OBJC_ISA_USAGE = YES_ERROR;
				CLANG_WARN_DOCUMENTATION_COMMENTS = YES;
				CLANG_WARN_EMPTY_BODY = YES;
				CLANG_WARN_ENUM_CONVERSION = YES;
				CLANG_WARN_INFINITE_RECURSION = YES;
				CLANG_WARN_INT_CONVERSION = YES;
				CLANG_WARN_NON_LITERAL_NULL_CONVERSION = YES;
				CLANG_WARN_OBJC_LITERAL_CONVERSION = YES;
				CLANG_WARN_OBJC_ROOT_CLASS = YES_ERROR;
				CLANG_WARN_RANGE_LOOP_ANALYSIS = YES;
				CLANG_WARN_STRICT_PROTOTYPES = YES;
				CLANG_WARN_SUSPICIOUS_MOVE = YES;
				CLANG_WARN_UNGUARDED_AVAILABILITY = YES_AGGRESSIVE;
				CLANG_WARN_UNREACHABLE_CODE = YES;
				CLANG_WARN__DUPLICATE_METHOD_MATCH = YES;
				CODE_SIGN_IDENTITY = "iPhone Developer";
				COPY_PHASE_STRIP = NO;
				DEBUG_INFORMATION_FORMAT = dwarf;
				ENABLE_STRICT_OBJC_MSGSEND = YES;
				ENABLE_TESTABILITY = YES;
				GCC_C_LANGUAGE_STANDARD = gnu11;
				GCC_DYNAMIC_NO_PIC = NO;
				GCC_NO_COMMON_BLOCKS = YES;
				GCC_OPTIMIZATION_LEVEL = 0;
				GCC_PREPROCESSOR_DEFINITIONS = (
					"DEBUG=1",
					"$(inherited)",
				);
				GCC_WARN_64_TO_32_BIT_CONVERSION = YES;
				GCC_WARN_ABOUT_RETURN_TYPE = YES_ERROR;
				GCC_WARN_UNDECLARED_SELECTOR = YES;
				GCC_WARN_UNINITIALIZED_AUTOS = YES_AGGRESSIVE;
				GCC_WARN_UNUSED_FUNCTION = YES;
				GCC_WARN_UNUSED_VARIABLE = YES;
				IPHONEOS_DEPLOYMENT_TARGET = 11.2;
				MTL_ENABLE_DEBUG_INFO = YES;
				ONLY_ACTIVE_ARCH = YES;
				SDKROOT = iphoneos;
				SWIFT_ACTIVE_COMPILATION_CONDITIONS = DEBUG;
				SWIFT_OPTIMIZATION_LEVEL = "-Onone";
			};
			name = Debug;
		};
		9D4EF5692019ABD6006B0120 /* Release */ = {
			isa = XCBuildConfiguration;
			buildSettings = {
				ALWAYS_SEARCH_USER_PATHS = NO;
				CLANG_ANALYZER_NONNULL = YES;
				CLANG_ANALYZER_NUMBER_OBJECT_CONVERSION = YES_AGGRESSIVE;
				CLANG_CXX_LANGUAGE_STANDARD = "gnu++14";
				CLANG_CXX_LIBRARY = "libc++";
				CLANG_ENABLE_MODULES = YES;
				CLANG_ENABLE_OBJC_ARC = YES;
				CLANG_WARN_BLOCK_CAPTURE_AUTORELEASING = YES;
				CLANG_WARN_BOOL_CONVERSION = YES;
				CLANG_WARN_COMMA = YES;
				CLANG_WARN_CONSTANT_CONVERSION = YES;
				CLANG_WARN_DIRECT_OBJC_ISA_USAGE = YES_ERROR;
				CLANG_WARN_DOCUMENTATION_COMMENTS = YES;
				CLANG_WARN_EMPTY_BODY = YES;
				CLANG_WARN_ENUM_CONVERSION = YES;
				CLANG_WARN_INFINITE_RECURSION = YES;
				CLANG_WARN_INT_CONVERSION = YES;
				CLANG_WARN_NON_LITERAL_NULL_CONVERSION = YES;
				CLANG_WARN_OBJC_LITERAL_CONVERSION = YES;
				CLANG_WARN_OBJC_ROOT_CLASS = YES_ERROR;
				CLANG_WARN_RANGE_LOOP_ANALYSIS = YES;
				CLANG_WARN_STRICT_PROTOTYPES = YES;
				CLANG_WARN_SUSPICIOUS_MOVE = YES;
				CLANG_WARN_UNGUARDED_AVAILABILITY = YES_AGGRESSIVE;
				CLANG_WARN_UNREACHABLE_CODE = YES;
				CLANG_WARN__DUPLICATE_METHOD_MATCH = YES;
				CODE_SIGN_IDENTITY = "iPhone Developer";
				COPY_PHASE_STRIP = NO;
				DEBUG_INFORMATION_FORMAT = "dwarf-with-dsym";
				ENABLE_NS_ASSERTIONS = NO;
				ENABLE_STRICT_OBJC_MSGSEND = YES;
				GCC_C_LANGUAGE_STANDARD = gnu11;
				GCC_NO_COMMON_BLOCKS = YES;
				GCC_WARN_64_TO_32_BIT_CONVERSION = YES;
				GCC_WARN_ABOUT_RETURN_TYPE = YES_ERROR;
				GCC_WARN_UNDECLARED_SELECTOR = YES;
				GCC_WARN_UNINITIALIZED_AUTOS = YES_AGGRESSIVE;
				GCC_WARN_UNUSED_FUNCTION = YES;
				GCC_WARN_UNUSED_VARIABLE = YES;
				IPHONEOS_DEPLOYMENT_TARGET = 11.2;
				MTL_ENABLE_DEBUG_INFO = NO;
				SDKROOT = iphoneos;
				SWIFT_OPTIMIZATION_LEVEL = "-Owholemodule";
				VALIDATE_PRODUCT = YES;
			};
			name = Release;
		};
		9D4EF56B2019ABD6006B0120 /* Debug */ = {
			isa = XCBuildConfiguration;
			buildSettings = {
				ASSETCATALOG_COMPILER_APPICON_NAME = AppIcon;
				CODE_SIGN_STYLE = Manual;
				DEVELOPMENT_TEAM = "";
				INFOPLIST_FILE = WenDaoGeomancy/Info.plist;
				LD_RUNPATH_SEARCH_PATHS = "$(inherited) @executable_path/Frameworks";
				PRODUCT_BUNDLE_IDENTIFIER = MrHan.2018.WenDaoGeomancy;
				PRODUCT_NAME = "$(TARGET_NAME)";
				PROVISIONING_PROFILE_SPECIFIER = "";
				SWIFT_VERSION = 4.0;
				TARGETED_DEVICE_FAMILY = "1,2";
			};
			name = Debug;
		};
		9D4EF56C2019ABD6006B0120 /* Release */ = {
			isa = XCBuildConfiguration;
			buildSettings = {
				ASSETCATALOG_COMPILER_APPICON_NAME = AppIcon;
				CODE_SIGN_STYLE = Manual;
				DEVELOPMENT_TEAM = "";
				INFOPLIST_FILE = WenDaoGeomancy/Info.plist;
				LD_RUNPATH_SEARCH_PATHS = "$(inherited) @executable_path/Frameworks";
				PRODUCT_BUNDLE_IDENTIFIER = MrHan.2018.WenDaoGeomancy;
				PRODUCT_NAME = "$(TARGET_NAME)";
				PROVISIONING_PROFILE_SPECIFIER = "";
				SWIFT_VERSION = 4.0;
				TARGETED_DEVICE_FAMILY = "1,2";
			};
			name = Release;
		};
		9D4EF56E2019ABD6006B0120 /* Debug */ = {
			isa = XCBuildConfiguration;
			buildSettings = {
				ALWAYS_EMBED_SWIFT_STANDARD_LIBRARIES = YES;
				BUNDLE_LOADER = "$(TEST_HOST)";
				CODE_SIGN_STYLE = Automatic;
				INFOPLIST_FILE = WenDaoGeomancyTests/Info.plist;
				LD_RUNPATH_SEARCH_PATHS = "$(inherited) @executable_path/Frameworks @loader_path/Frameworks";
				PRODUCT_BUNDLE_IDENTIFIER = MrHan.2018.WenDaoGeomancyTests;
				PRODUCT_NAME = "$(TARGET_NAME)";
				SWIFT_VERSION = 4.0;
				TARGETED_DEVICE_FAMILY = "1,2";
				TEST_HOST = "$(BUILT_PRODUCTS_DIR)/WenDaoGeomancy.app/WenDaoGeomancy";
			};
			name = Debug;
		};
		9D4EF56F2019ABD6006B0120 /* Release */ = {
			isa = XCBuildConfiguration;
			buildSettings = {
				ALWAYS_EMBED_SWIFT_STANDARD_LIBRARIES = YES;
				BUNDLE_LOADER = "$(TEST_HOST)";
				CODE_SIGN_STYLE = Automatic;
				INFOPLIST_FILE = WenDaoGeomancyTests/Info.plist;
				LD_RUNPATH_SEARCH_PATHS = "$(inherited) @executable_path/Frameworks @loader_path/Frameworks";
				PRODUCT_BUNDLE_IDENTIFIER = MrHan.2018.WenDaoGeomancyTests;
				PRODUCT_NAME = "$(TARGET_NAME)";
				SWIFT_VERSION = 4.0;
				TARGETED_DEVICE_FAMILY = "1,2";
				TEST_HOST = "$(BUILT_PRODUCTS_DIR)/WenDaoGeomancy.app/WenDaoGeomancy";
			};
			name = Release;
		};
		9D4EF5712019ABD6006B0120 /* Debug */ = {
			isa = XCBuildConfiguration;
			buildSettings = {
				ALWAYS_EMBED_SWIFT_STANDARD_LIBRARIES = YES;
				CODE_SIGN_STYLE = Automatic;
				INFOPLIST_FILE = WenDaoGeomancyUITests/Info.plist;
				LD_RUNPATH_SEARCH_PATHS = "$(inherited) @executable_path/Frameworks @loader_path/Frameworks";
				PRODUCT_BUNDLE_IDENTIFIER = MrHan.2018.WenDaoGeomancyUITests;
				PRODUCT_NAME = "$(TARGET_NAME)";
				SWIFT_VERSION = 4.0;
				TARGETED_DEVICE_FAMILY = "1,2";
				TEST_TARGET_NAME = WenDaoGeomancy;
			};
			name = Debug;
		};
		9D4EF5722019ABD6006B0120 /* Release */ = {
			isa = XCBuildConfiguration;
			buildSettings = {
				ALWAYS_EMBED_SWIFT_STANDARD_LIBRARIES = YES;
				CODE_SIGN_STYLE = Automatic;
				INFOPLIST_FILE = WenDaoGeomancyUITests/Info.plist;
				LD_RUNPATH_SEARCH_PATHS = "$(inherited) @executable_path/Frameworks @loader_path/Frameworks";
				PRODUCT_BUNDLE_IDENTIFIER = MrHan.2018.WenDaoGeomancyUITests;
				PRODUCT_NAME = "$(TARGET_NAME)";
				SWIFT_VERSION = 4.0;
				TARGETED_DEVICE_FAMILY = "1,2";
				TEST_TARGET_NAME = WenDaoGeomancy;
			};
			name = Release;
		};
/* End XCBuildConfiguration section */

/* Begin XCConfigurationList section */
		9D4EF53D2019ABD5006B0120 /* Build configuration list for PBXProject "WenDaoGeomancy" */ = {
			isa = XCConfigurationList;
			buildConfigurations = (
				9D4EF5682019ABD6006B0120 /* Debug */,
				9D4EF5692019ABD6006B0120 /* Release */,
			);
			defaultConfigurationIsVisible = 0;
			defaultConfigurationName = Release;
		};
		9D4EF56A2019ABD6006B0120 /* Build configuration list for PBXNativeTarget "WenDaoGeomancy" */ = {
			isa = XCConfigurationList;
			buildConfigurations = (
				9D4EF56B2019ABD6006B0120 /* Debug */,
				9D4EF56C2019ABD6006B0120 /* Release */,
			);
			defaultConfigurationIsVisible = 0;
			defaultConfigurationName = Release;
		};
		9D4EF56D2019ABD6006B0120 /* Build configuration list for PBXNativeTarget "WenDaoGeomancyTests" */ = {
			isa = XCConfigurationList;
			buildConfigurations = (
				9D4EF56E2019ABD6006B0120 /* Debug */,
				9D4EF56F2019ABD6006B0120 /* Release */,
			);
			defaultConfigurationIsVisible = 0;
			defaultConfigurationName = Release;
		};
		9D4EF5702019ABD6006B0120 /* Build configuration list for PBXNativeTarget "WenDaoGeomancyUITests" */ = {
			isa = XCConfigurationList;
			buildConfigurations = (
				9D4EF5712019ABD6006B0120 /* Debug */,
				9D4EF5722019ABD6006B0120 /* Release */,
			);
			defaultConfigurationIsVisible = 0;
			defaultConfigurationName = Release;
		};
/* End XCConfigurationList section */
	};
	rootObject = 9D4EF53A2019ABD5006B0120 /* Project object */;
}
